
Microsoft Visual Studio Solution File, Format Version 12.00
# Visual Studio Version 17
VisualStudioVersion = 17.10.35122.118
MinimumVisualStudioVersion = 10.0.40219.1
Project("{FAE04EC0-301F-11D3-BF4B-00C04F79EFBC}") = "Random colour", "Random colour.csproj", "{EE2801E2-77DB-414B-B057-F226B7A4194A}"
EndProject
Global
	GlobalSection(SolutionConfigurationPlatforms) = preSolution
		Debug|Any CPU = Debug|Any CPU
		Release|Any CPU = Release|Any CPU
	EndGlobalSection
	GlobalSection(ProjectConfigurationPlatforms) = postSolution
		{EE2801E2-77DB-414B-B057-F226B7A4194A}.Debug|Any CPU.ActiveCfg = Debug|Any CPU
		{EE2801E2-77DB-414B-B057-F226B7A4194A}.Debug|Any CPU.Build.0 = Debug|Any CPU
		{EE2801E2-77DB-414B-B057-F226B7A4194A}.Release|Any CPU.ActiveCfg = Release|Any CPU
		{EE2801E2-77DB-414B-B057-F226B7A4194A}.Release|Any CPU.Build.0 = Release|Any CPU
	EndGlobalSection
	GlobalSection(SolutionProperties) = preSolution
		HideSolutionNode = FALSE
	EndGlobalSection
	GlobalSection(ExtensibilityGlobals) = postSolution
		SolutionGuid = {79115037-785B-44F0-8EED-A5772B8D0E49}
	EndGlobalSection
EndGlobal
